
Microsoft Visual Studio Solution File, Format Version 12.00
# Visual Studio Version 16
VisualStudioVersion = 16.0.31911.196
MinimumVisualStudioVersion = 10.0.40219.1
Project("{FAE04EC0-301F-11D3-BF4B-00C04F79EFBC}") = "WpfAppOlympiaRenkaat", "WpfAppOlympiaRenkaat.csproj", "{5AAF0D35-4918-4927-B3DB-92901AEB2C8A}"
EndProject
Global
	GlobalSection(SolutionConfigurationPlatforms) = preSolution
		Debug|Any CPU = Debug|Any CPU
		Release|Any CPU = Release|Any CPU
	EndGlobalSection
	GlobalSection(ProjectConfigurationPlatforms) = postSolution
		{5AAF0D35-4918-4927-B3DB-92901AEB2C8A}.Debug|Any CPU.ActiveCfg = Debug|Any CPU
		{5AAF0D35-4918-4927-B3DB-92901AEB2C8A}.Debug|Any CPU.Build.0 = Debug|Any CPU
		{5AAF0D35-4918-4927-B3DB-92901AEB2C8A}.Release|Any CPU.ActiveCfg = Release|Any CPU
		{5AAF0D35-4918-4927-B3DB-92901AEB2C8A}.Release|Any CPU.Build.0 = Release|Any CPU
	EndGlobalSection
	GlobalSection(SolutionProperties) = preSolution
		HideSolutionNode = FALSE
	EndGlobalSection
	GlobalSection(ExtensibilityGlobals) = postSolution
		SolutionGuid = {E7527C4F-F87A-49D1-A514-A0D256FFAF3E}
	EndGlobalSection
EndGlobal
